{
  "object": {
    "pins": [
      {
        "package": "CatalystNet",
        "repositoryURL": "https://github.com/hellc/CatalystNet.git",
        "state": {
          "branch": null,
          "revision": "e4fc298e83b4dc6a28331343ea5d3e0b87f1466a",
          "version": null
        }
      }
    ]
  },
  "version": 1
}
