PODS:
  - CatalystNet (1.0.0)

DEPENDENCIES:
  - CatalystNet (from `https://github.com/hellc/CatalystNet.git`, commit `fedc632a349ae01284354903f99dfb0969c3fde6`)

EXTERNAL SOURCES:
  CatalystNet:
    :commit: fedc632a349ae01284354903f99dfb0969c3fde6
    :git: https://github.com/hellc/CatalystNet.git

CHECKOUT OPTIONS:
  CatalystNet:
    :commit: fedc632a349ae01284354903f99dfb0969c3fde6
    :git: https://github.com/hellc/CatalystNet.git

SPEC CHECKSUMS:
  CatalystNet: 1306325eac659e75abc6b60ee9c6ecfdba91722d

PODFILE CHECKSUM: 69d113cb39cf6ab08b6c1f9bea8ee0ca0e62c889

COCOAPODS: 1.9.3
