// !$*UTF8*$!
{
	archiveVersion = 1;
	classes = {
	};
	objectVersion = 50;
	objects = {

/* Begin PBXBuildFile section */
		CA6C63BD21A8B2C800D9656F /* CardanoManager.m in Sources */ = {isa = PBXBuildFile; fileRef = CA6C63B721A8B2C800D9656F /* CardanoManager.m */; };
		CA6C63BF21A8B2C800D9656F /* libcardano.a in Frameworks */ = {isa = PBXBuildFile; fileRef = CA6C63BB21A8B2C800D9656F /* libcardano.a */; };
		CA6C642421A8B58D00D9656F /* CardanoManager.h in Headers */ = {isa = PBXBuildFile; fileRef = CA6C63B821A8B2C800D9656F /* CardanoManager.h */; settings = {ATTRIBUTES = (Public, ); }; };
		CA6C642521A8B59400D9656F /* libcardano.h in Headers */ = {isa = PBXBuildFile; fileRef = CA6C63BC21A8B2C800D9656F /* libcardano.h */; settings = {ATTRIBUTES = (Private, ); }; };
		CA6C642721A8B62D00D9656F /* cardano-ios.podspec in Resources */ = {isa = PBXBuildFile; fileRef = CA6C642621A8B62D00D9656F /* cardano-ios.podspec */; };
		CA6C642921A8B63A00D9656F /* LICENSE in Resources */ = {isa = PBXBuildFile; fileRef = CA6C642821A8B63A00D9656F /* LICENSE */; };
		CA6C642B21A8B64200D9656F /* README.md in Resources */ = {isa = PBXBuildFile; fileRef = CA6C642A21A8B64200D9656F /* README.md */; };
		CA6C642D21A8B6F200D9656F /* cardano-ios.h in Headers */ = {isa = PBXBuildFile; fileRef = CA6C642C21A8B6B500D9656F /* cardano-ios.h */; settings = {ATTRIBUTES = (Public, ); }; };
		CA6C642F21A8BC3300D9656F /* .travis.yml in Resources */ = {isa = PBXBuildFile; fileRef = CA6C642E21A8BC3300D9656F /* .travis.yml */; };
/* End PBXBuildFile section */

/* Begin PBXFileReference section */
		CA6C63AA21A8B24400D9656F /* cardano_ios.framework */ = {isa = PBXFileReference; explicitFileType = wrapper.framework; includeInIndex = 0; path = cardano_ios.framework; sourceTree = BUILT_PRODUCTS_DIR; };
		CA6C63AE21A8B24400D9656F /* Info.plist */ = {isa = PBXFileReference; lastKnownFileType = text.plist.xml; path = Info.plist; sourceTree = "<group>"; };
		CA6C63B721A8B2C800D9656F /* CardanoManager.m */ = {isa = PBXFileReference; fileEncoding = 4; lastKnownFileType = sourcecode.c.objc; path = CardanoManager.m; sourceTree = "<group>"; };
		CA6C63B821A8B2C800D9656F /* CardanoManager.h */ = {isa = PBXFileReference; fileEncoding = 4; lastKnownFileType = sourcecode.c.h; path = CardanoManager.h; sourceTree = "<group>"; };
		CA6C63BB21A8B2C800D9656F /* libcardano.a */ = {isa = PBXFileReference; lastKnownFileType = archive.ar; path = libcardano.a; sourceTree = "<group>"; };
		CA6C63BC21A8B2C800D9656F /* libcardano.h */ = {isa = PBXFileReference; fileEncoding = 4; lastKnownFileType = sourcecode.c.h; path = libcardano.h; sourceTree = "<group>"; };
		CA6C642621A8B62D00D9656F /* cardano-ios.podspec */ = {isa = PBXFileReference; fileEncoding = 4; lastKnownFileType = text; path = "cardano-ios.podspec"; sourceTree = "<group>"; };
		CA6C642821A8B63A00D9656F /* LICENSE */ = {isa = PBXFileReference; fileEncoding = 4; lastKnownFileType = text; path = LICENSE; sourceTree = "<group>"; };
		CA6C642A21A8B64200D9656F /* README.md */ = {isa = PBXFileReference; fileEncoding = 4; lastKnownFileType = net.daringfireball.markdown; path = README.md; sourceTree = "<group>"; };
		CA6C642C21A8B6B500D9656F /* cardano-ios.h */ = {isa = PBXFileReference; lastKnownFileType = sourcecode.c.h; path = "cardano-ios.h"; sourceTree = "<group>"; };
		CA6C642E21A8BC3300D9656F /* .travis.yml */ = {isa = PBXFileReference; fileEncoding = 4; lastKnownFileType = text; path = .travis.yml; sourceTree = "<group>"; };
/* End PBXFileReference section */

/* Begin PBXFrameworksBuildPhase section */
		CA6C63A721A8B24400D9656F /* Frameworks */ = {
			isa = PBXFrameworksBuildPhase;
			buildActionMask = 2147483647;
			files = (
				CA6C63BF21A8B2C800D9656F /* libcardano.a in Frameworks */,
			);
			runOnlyForDeploymentPostprocessing = 0;
		};
/* End PBXFrameworksBuildPhase section */

/* Begin PBXGroup section */
		CA6C63A021A8B24400D9656F = {
			isa = PBXGroup;
			children = (
				CA6C642621A8B62D00D9656F /* cardano-ios.podspec */,
				CA6C642821A8B63A00D9656F /* LICENSE */,
				CA6C642A21A8B64200D9656F /* README.md */,
				CA6C642E21A8BC3300D9656F /* .travis.yml */,
				CA6C63AC21A8B24400D9656F /* cardano-ios */,
				CA6C63AB21A8B24400D9656F /* Products */,
			);
			sourceTree = "<group>";
		};
		CA6C63AB21A8B24400D9656F /* Products */ = {
			isa = PBXGroup;
			children = (
				CA6C63AA21A8B24400D9656F /* cardano_ios.framework */,
			);
			name = Products;
			sourceTree = "<group>";
		};
		CA6C63AC21A8B24400D9656F /* cardano-ios */ = {
			isa = PBXGroup;
			children = (
				CA6C63B521A8B2C800D9656F /* src */,
				CA6C63B921A8B2C800D9656F /* libs */,
				CA6C63AE21A8B24400D9656F /* Info.plist */,
			);
			path = "cardano-ios";
			sourceTree = "<group>";
		};
		CA6C63B521A8B2C800D9656F /* src */ = {
			isa = PBXGroup;
			children = (
				CA6C642C21A8B6B500D9656F /* cardano-ios.h */,
				CA6C63B621A8B2C800D9656F /* Managers */,
			);
			path = src;
			sourceTree = "<group>";
		};
		CA6C63B621A8B2C800D9656F /* Managers */ = {
			isa = PBXGroup;
			children = (
				CA6C63B821A8B2C800D9656F /* CardanoManager.h */,
				CA6C63B721A8B2C800D9656F /* CardanoManager.m */,
			);
			path = Managers;
			sourceTree = "<group>";
		};
		CA6C63B921A8B2C800D9656F /* libs */ = {
			isa = PBXGroup;
			children = (
				CA6C63BA21A8B2C800D9656F /* libcardano */,
			);
			path = libs;
			sourceTree = "<group>";
		};
		CA6C63BA21A8B2C800D9656F /* libcardano */ = {
			isa = PBXGroup;
			children = (
				CA6C63BC21A8B2C800D9656F /* libcardano.h */,
				CA6C63BB21A8B2C800D9656F /* libcardano.a */,
			);
			path = libcardano;
			sourceTree = "<group>";
		};
/* End PBXGroup section */

/* Begin PBXHeadersBuildPhase section */
		CA6C63A521A8B24400D9656F /* Headers */ = {
			isa = PBXHeadersBuildPhase;
			buildActionMask = 2147483647;
			files = (
				CA6C642D21A8B6F200D9656F /* cardano-ios.h in Headers */,
				CA6C642421A8B58D00D9656F /* CardanoManager.h in Headers */,
				CA6C642521A8B59400D9656F /* libcardano.h in Headers */,
			);
			runOnlyForDeploymentPostprocessing = 0;
		};
/* End PBXHeadersBuildPhase section */

/* Begin PBXNativeTarget section */
		CA6C63A921A8B24400D9656F /* cardano-ios */ = {
			isa = PBXNativeTarget;
			buildConfigurationList = CA6C63B221A8B24400D9656F /* Build configuration list for PBXNativeTarget "cardano-ios" */;
			buildPhases = (
				CA6C63A521A8B24400D9656F /* Headers */,
				CA6C63A621A8B24400D9656F /* Sources */,
				CA6C63A721A8B24400D9656F /* Frameworks */,
				CA6C63A821A8B24400D9656F /* Resources */,
			);
			buildRules = (
			);
			dependencies = (
			);
			name = "cardano-ios";
			productName = "cardano-ios";
			productReference = CA6C63AA21A8B24400D9656F /* cardano_ios.framework */;
			productType = "com.apple.product-type.framework";
		};
/* End PBXNativeTarget section */

/* Begin PBXProject section */
		CA6C63A121A8B24400D9656F /* Project object */ = {
			isa = PBXProject;
			attributes = {
				LastUpgradeCheck = 1010;
				ORGANIZATIONNAME = hellc;
				TargetAttributes = {
					CA6C63A921A8B24400D9656F = {
						CreatedOnToolsVersion = 10.1;
					};
				};
			};
			buildConfigurationList = CA6C63A421A8B24400D9656F /* Build configuration list for PBXProject "cardano-ios" */;
			compatibilityVersion = "Xcode 9.3";
			developmentRegion = en;
			hasScannedForEncodings = 0;
			knownRegions = (
				en,
				Base,
			);
			mainGroup = CA6C63A021A8B24400D9656F;
			productRefGroup = CA6C63AB21A8B24400D9656F /* Products */;
			projectDirPath = "";
			projectRoot = "";
			targets = (
				CA6C63A921A8B24400D9656F /* cardano-ios */,
			);
		};
/* End PBXProject section */

/* Begin PBXResourcesBuildPhase section */
		CA6C63A821A8B24400D9656F /* Resources */ = {
			isa = PBXResourcesBuildPhase;
			buildActionMask = 2147483647;
			files = (
				CA6C642B21A8B64200D9656F /* README.md in Resources */,
				CA6C642921A8B63A00D9656F /* LICENSE in Resources */,
				CA6C642F21A8BC3300D9656F /* .travis.yml in Resources */,
				CA6C642721A8B62D00D9656F /* cardano-ios.podspec in Resources */,
			);
			runOnlyForDeploymentPostprocessing = 0;
		};
/* End PBXResourcesBuildPhase section */

/* Begin PBXSourcesBuildPhase section */
		CA6C63A621A8B24400D9656F /* Sources */ = {
			isa = PBXSourcesBuildPhase;
			buildActionMask = 2147483647;
			files = (
				CA6C63BD21A8B2C800D9656F /* CardanoManager.m in Sources */,
			);
			runOnlyForDeploymentPostprocessing = 0;
		};
/* End PBXSourcesBuildPhase section */

/* Begin XCBuildConfiguration section */
		CA6C63B021A8B24400D9656F /* Debug */ = {
			isa = XCBuildConfiguration;
			buildSettings = {
				ALWAYS_SEARCH_USER_PATHS = NO;
				CLANG_ANALYZER_NONNULL = YES;
				CLANG_ANALYZER_NUMBER_OBJECT_CONVERSION = YES_AGGRESSIVE;
				CLANG_CXX_LANGUAGE_STANDARD = "gnu++14";
				CLANG_CXX_LIBRARY = "libc++";
				CLANG_ENABLE_MODULES = YES;
				CLANG_ENABLE_OBJC_ARC = YES;
				CLANG_ENABLE_OBJC_WEAK = YES;
				CLANG_WARN_BLOCK_CAPTURE_AUTORELEASING = YES;
				CLANG_WARN_BOOL_CONVERSION = YES;
				CLANG_WARN_COMMA = YES;
				CLANG_WARN_CONSTANT_CONVERSION = YES;
				CLANG_WARN_DEPRECATED_OBJC_IMPLEMENTATIONS = YES;
				CLANG_WARN_DIRECT_OBJC_ISA_USAGE = YES_ERROR;
				CLANG_WARN_DOCUMENTATION_COMMENTS = YES;
				CLANG_WARN_EMPTY_BODY = YES;
				CLANG_WARN_ENUM_CONVERSION = YES;
				CLANG_WARN_INFINITE_RECURSION = YES;
				CLANG_WARN_INT_CONVERSION = YES;
				CLANG_WARN_NON_LITERAL_NULL_CONVERSION = YES;
				CLANG_WARN_OBJC_IMPLICIT_RETAIN_SELF = YES;
				CLANG_WARN_OBJC_LITERAL_CONVERSION = YES;
				CLANG_WARN_OBJC_ROOT_CLASS = YES_ERROR;
				CLANG_WARN_RANGE_LOOP_ANALYSIS = YES;
				CLANG_WARN_STRICT_PROTOTYPES = YES;
				CLANG_WARN_SUSPICIOUS_MOVE = YES;
				CLANG_WARN_UNGUARDED_AVAILABILITY = YES_AGGRESSIVE;
				CLANG_WARN_UNREACHABLE_CODE = YES;
				CLANG_WARN__DUPLICATE_METHOD_MATCH = YES;
				CODE_SIGN_IDENTITY = "iPhone Developer";
				COPY_PHASE_STRIP = NO;
				CURRENT_PROJECT_VERSION = 1;
				DEBUG_INFORMATION_FORMAT = dwarf;
				ENABLE_STRICT_OBJC_MSGSEND = YES;
				ENABLE_TESTABILITY = YES;
				GCC_C_LANGUAGE_STANDARD = gnu11;
				GCC_DYNAMIC_NO_PIC = NO;
				GCC_NO_COMMON_BLOCKS = YES;
				GCC_OPTIMIZATION_LEVEL = 0;
				GCC_PREPROCESSOR_DEFINITIONS = (
					"DEBUG=1",
					"$(inherited)",
				);
				GCC_WARN_64_TO_32_BIT_CONVERSION = YES;
				GCC_WARN_ABOUT_RETURN_TYPE = YES_ERROR;
				GCC_WARN_UNDECLARED_SELECTOR = YES;
				GCC_WARN_UNINITIALIZED_AUTOS = YES_AGGRESSIVE;
				GCC_WARN_UNUSED_FUNCTION = YES;
				GCC_WARN_UNUSED_VARIABLE = YES;
				IPHONEOS_DEPLOYMENT_TARGET = 12.1;
				MTL_ENABLE_DEBUG_INFO = INCLUDE_SOURCE;
				MTL_FAST_MATH = YES;
				ONLY_ACTIVE_ARCH = YES;
				SDKROOT = iphoneos;
				VERSIONING_SYSTEM = "apple-generic";
				VERSION_INFO_PREFIX = "";
			};
			name = Debug;
		};
		CA6C63B121A8B24400D9656F /* Release */ = {
			isa = XCBuildConfiguration;
			buildSettings = {
				ALWAYS_SEARCH_USER_PATHS = NO;
				CLANG_ANALYZER_NONNULL = YES;
				CLANG_ANALYZER_NUMBER_OBJECT_CONVERSION = YES_AGGRESSIVE;
				CLANG_CXX_LANGUAGE_STANDARD = "gnu++14";
				CLANG_CXX_LIBRARY = "libc++";
				CLANG_ENABLE_MODULES = YES;
				CLANG_ENABLE_OBJC_ARC = YES;
				CLANG_ENABLE_OBJC_WEAK = YES;
				CLANG_WARN_BLOCK_CAPTURE_AUTORELEASING = YES;
				CLANG_WARN_BOOL_CONVERSION = YES;
				CLANG_WARN_COMMA = YES;
				CLANG_WARN_CONSTANT_CONVERSION = YES;
				CLANG_WARN_DEPRECATED_OBJC_IMPLEMENTATIONS = YES;
				CLANG_WARN_DIRECT_OBJC_ISA_USAGE = YES_ERROR;
				CLANG_WARN_DOCUMENTATION_COMMENTS = YES;
				CLANG_WARN_EMPTY_BODY = YES;
				CLANG_WARN_ENUM_CONVERSION = YES;
				CLANG_WARN_INFINITE_RECURSION = YES;
				CLANG_WARN_INT_CONVERSION = YES;
				CLANG_WARN_NON_LITERAL_NULL_CONVERSION = YES;
				CLANG_WARN_OBJC_IMPLICIT_RETAIN_SELF = YES;
				CLANG_WARN_OBJC_LITERAL_CONVERSION = YES;
				CLANG_WARN_OBJC_ROOT_CLASS = YES_ERROR;
				CLANG_WARN_RANGE_LOOP_ANALYSIS = YES;
				CLANG_WARN_STRICT_PROTOTYPES = YES;
				CLANG_WARN_SUSPICIOUS_MOVE = YES;
				CLANG_WARN_UNGUARDED_AVAILABILITY = YES_AGGRESSIVE;
				CLANG_WARN_UNREACHABLE_CODE = YES;
				CLANG_WARN__DUPLICATE_METHOD_MATCH = YES;
				CODE_SIGN_IDENTITY = "iPhone Developer";
				COPY_PHASE_STRIP = NO;
				CURRENT_PROJECT_VERSION = 1;
				DEBUG_INFORMATION_FORMAT = "dwarf-with-dsym";
				ENABLE_NS_ASSERTIONS = NO;
				ENABLE_STRICT_OBJC_MSGSEND = YES;
				GCC_C_LANGUAGE_STANDARD = gnu11;
				GCC_NO_COMMON_BLOCKS = YES;
				GCC_WARN_64_TO_32_BIT_CONVERSION = YES;
				GCC_WARN_ABOUT_RETURN_TYPE = YES_ERROR;
				GCC_WARN_UNDECLARED_SELECTOR = YES;
				GCC_WARN_UNINITIALIZED_AUTOS = YES_AGGRESSIVE;
				GCC_WARN_UNUSED_FUNCTION = YES;
				GCC_WARN_UNUSED_VARIABLE = YES;
				IPHONEOS_DEPLOYMENT_TARGET = 12.1;
				MTL_ENABLE_DEBUG_INFO = NO;
				MTL_FAST_MATH = YES;
				SDKROOT = iphoneos;
				VALIDATE_PRODUCT = YES;
				VERSIONING_SYSTEM = "apple-generic";
				VERSION_INFO_PREFIX = "";
			};
			name = Release;
		};
		CA6C63B321A8B24400D9656F /* Debug */ = {
			isa = XCBuildConfiguration;
			buildSettings = {
				CODE_SIGN_IDENTITY = "";
				CODE_SIGN_STYLE = Automatic;
				DEFINES_MODULE = YES;
				DYLIB_COMPATIBILITY_VERSION = 1;
				DYLIB_CURRENT_VERSION = 1;
				DYLIB_INSTALL_NAME_BASE = "@rpath";
				INFOPLIST_FILE = "cardano-ios/Info.plist";
				INSTALL_PATH = "$(LOCAL_LIBRARY_DIR)/Frameworks";
				IPHONEOS_DEPLOYMENT_TARGET = 9.0;
				LD_RUNPATH_SEARCH_PATHS = (
					"$(inherited)",
					"@executable_path/Frameworks",
					"@loader_path/Frameworks",
				);
				LIBRARY_SEARCH_PATHS = (
					"$(inherited)",
					"$(PROJECT_DIR)/cardano-ios/libs/libcardano",
				);
				PRODUCT_BUNDLE_IDENTIFIER = "hellc.cardano-ios";
				PRODUCT_NAME = "$(TARGET_NAME:c99extidentifier)";
				SKIP_INSTALL = YES;
				TARGETED_DEVICE_FAMILY = "1,2";
			};
			name = Debug;
		};
		CA6C63B421A8B24400D9656F /* Release */ = {
			isa = XCBuildConfiguration;
			buildSettings = {
				CODE_SIGN_IDENTITY = "";
				CODE_SIGN_STYLE = Automatic;
				DEFINES_MODULE = YES;
				DYLIB_COMPATIBILITY_VERSION = 1;
				DYLIB_CURRENT_VERSION = 1;
				DYLIB_INSTALL_NAME_BASE = "@rpath";
				INFOPLIST_FILE = "cardano-ios/Info.plist";
				INSTALL_PATH = "$(LOCAL_LIBRARY_DIR)/Frameworks";
				IPHONEOS_DEPLOYMENT_TARGET = 9.0;
				LD_RUNPATH_SEARCH_PATHS = (
					"$(inherited)",
					"@executable_path/Frameworks",
					"@loader_path/Frameworks",
				);
				LIBRARY_SEARCH_PATHS = (
					"$(inherited)",
					"$(PROJECT_DIR)/cardano-ios/libs/libcardano",
				);
				PRODUCT_BUNDLE_IDENTIFIER = "hellc.cardano-ios";
				PRODUCT_NAME = "$(TARGET_NAME:c99extidentifier)";
				SKIP_INSTALL = YES;
				TARGETED_DEVICE_FAMILY = "1,2";
			};
			name = Release;
		};
/* End XCBuildConfiguration section */

/* Begin XCConfigurationList section */
		CA6C63A421A8B24400D9656F /* Build configuration list for PBXProject "cardano-ios" */ = {
			isa = XCConfigurationList;
			buildConfigurations = (
				CA6C63B021A8B24400D9656F /* Debug */,
				CA6C63B121A8B24400D9656F /* Release */,
			);
			defaultConfigurationIsVisible = 0;
			defaultConfigurationName = Release;
		};
		CA6C63B221A8B24400D9656F /* Build configuration list for PBXNativeTarget "cardano-ios" */ = {
			isa = XCConfigurationList;
			buildConfigurations = (
				CA6C63B321A8B24400D9656F /* Debug */,
				CA6C63B421A8B24400D9656F /* Release */,
			);
			defaultConfigurationIsVisible = 0;
			defaultConfigurationName = Release;
		};
/* End XCConfigurationList section */
	};
	rootObject = CA6C63A121A8B24400D9656F /* Project object */;
}
