// !$*UTF8*$!
{
	archiveVersion = 1;
	classes = {
	};
	objectVersion = 50;
	objects = {

/* Begin PBXBuildFile section */
		CAA8D6F521B16496009BFC9B /* AppDelegate.swift in Sources */ = {isa = PBXBuildFile; fileRef = CAA8D6F421B16496009BFC9B /* AppDelegate.swift */; };
		CAA8D6F721B16496009BFC9B /* ViewController.swift in Sources */ = {isa = PBXBuildFile; fileRef = CAA8D6F621B16496009BFC9B /* ViewController.swift */; };
		CAA8D6FA21B16496009BFC9B /* Main.storyboard in Resources */ = {isa = PBXBuildFile; fileRef = CAA8D6F821B16496009BFC9B /* Main.storyboard */; };
		CAA8D6FC21B16497009BFC9B /* Assets.xcassets in Resources */ = {isa = PBXBuildFile; fileRef = CAA8D6FB21B16497009BFC9B /* Assets.xcassets */; };
		CAA8D6FF21B16497009BFC9B /* LaunchScreen.storyboard in Resources */ = {isa = PBXBuildFile; fileRef = CAA8D6FD21B16497009BFC9B /* LaunchScreen.storyboard */; };
		CAA8D70E21B164DA009BFC9B /* cardano_ios.framework in Frameworks */ = {isa = PBXBuildFile; fileRef = CAA8D70D21B164DA009BFC9B /* cardano_ios.framework */; };
/* End PBXBuildFile section */

/* Begin PBXFileReference section */
		CAA8D6F121B16496009BFC9B /* cardano-ios-example-swift.app */ = {isa = PBXFileReference; explicitFileType = wrapper.application; includeInIndex = 0; path = "cardano-ios-example-swift.app"; sourceTree = BUILT_PRODUCTS_DIR; };
		CAA8D6F421B16496009BFC9B /* AppDelegate.swift */ = {isa = PBXFileReference; lastKnownFileType = sourcecode.swift; path = AppDelegate.swift; sourceTree = "<group>"; };
		CAA8D6F621B16496009BFC9B /* ViewController.swift */ = {isa = PBXFileReference; lastKnownFileType = sourcecode.swift; path = ViewController.swift; sourceTree = "<group>"; };
		CAA8D6F921B16496009BFC9B /* Base */ = {isa = PBXFileReference; lastKnownFileType = file.storyboard; name = Base; path = Base.lproj/Main.storyboard; sourceTree = "<group>"; };
		CAA8D6FB21B16497009BFC9B /* Assets.xcassets */ = {isa = PBXFileReference; lastKnownFileType = folder.assetcatalog; path = Assets.xcassets; sourceTree = "<group>"; };
		CAA8D6FE21B16497009BFC9B /* Base */ = {isa = PBXFileReference; lastKnownFileType = file.storyboard; name = Base; path = Base.lproj/LaunchScreen.storyboard; sourceTree = "<group>"; };
		CAA8D70021B16497009BFC9B /* Info.plist */ = {isa = PBXFileReference; lastKnownFileType = text.plist.xml; path = Info.plist; sourceTree = "<group>"; };
		CAA8D70D21B164DA009BFC9B /* cardano_ios.framework */ = {isa = PBXFileReference; explicitFileType = wrapper.framework; path = cardano_ios.framework; sourceTree = BUILT_PRODUCTS_DIR; };
		CAA8D70F21B16508009BFC9B /* cardano-ios-Bridging-Header.h */ = {isa = PBXFileReference; lastKnownFileType = sourcecode.c.h; path = "cardano-ios-Bridging-Header.h"; sourceTree = "<group>"; };
/* End PBXFileReference section */

/* Begin PBXFrameworksBuildPhase section */
		CAA8D6EE21B16496009BFC9B /* Frameworks */ = {
			isa = PBXFrameworksBuildPhase;
			buildActionMask = 2147483647;
			files = (
				CAA8D70E21B164DA009BFC9B /* cardano_ios.framework in Frameworks */,
			);
			runOnlyForDeploymentPostprocessing = 0;
		};
/* End PBXFrameworksBuildPhase section */

/* Begin PBXGroup section */
		CAA8D6E821B16496009BFC9B = {
			isa = PBXGroup;
			children = (
				CAA8D6F321B16496009BFC9B /* cardano-ios-example-swift */,
				CAA8D6F221B16496009BFC9B /* Products */,
				CAA8D70C21B164DA009BFC9B /* Frameworks */,
			);
			sourceTree = "<group>";
		};
		CAA8D6F221B16496009BFC9B /* Products */ = {
			isa = PBXGroup;
			children = (
				CAA8D6F121B16496009BFC9B /* cardano-ios-example-swift.app */,
			);
			name = Products;
			sourceTree = "<group>";
		};
		CAA8D6F321B16496009BFC9B /* cardano-ios-example-swift */ = {
			isa = PBXGroup;
			children = (
				CAA8D70F21B16508009BFC9B /* cardano-ios-Bridging-Header.h */,
				CAA8D6F421B16496009BFC9B /* AppDelegate.swift */,
				CAA8D6F621B16496009BFC9B /* ViewController.swift */,
				CAA8D6F821B16496009BFC9B /* Main.storyboard */,
				CAA8D6FB21B16497009BFC9B /* Assets.xcassets */,
				CAA8D6FD21B16497009BFC9B /* LaunchScreen.storyboard */,
				CAA8D70021B16497009BFC9B /* Info.plist */,
			);
			path = "cardano-ios-example-swift";
			sourceTree = "<group>";
		};
		CAA8D70C21B164DA009BFC9B /* Frameworks */ = {
			isa = PBXGroup;
			children = (
				CAA8D70D21B164DA009BFC9B /* cardano_ios.framework */,
			);
			name = Frameworks;
			sourceTree = "<group>";
		};
/* End PBXGroup section */

/* Begin PBXNativeTarget section */
		CAA8D6F021B16496009BFC9B /* cardano-ios-example-swift */ = {
			isa = PBXNativeTarget;
			buildConfigurationList = CAA8D70321B16497009BFC9B /* Build configuration list for PBXNativeTarget "cardano-ios-example-swift" */;
			buildPhases = (
				CAA8D6ED21B16496009BFC9B /* Sources */,
				CAA8D6EE21B16496009BFC9B /* Frameworks */,
				CAA8D6EF21B16496009BFC9B /* Resources */,
			);
			buildRules = (
			);
			dependencies = (
			);
			name = "cardano-ios-example-swift";
			productName = "cardano-ios-example-swift";
			productReference = CAA8D6F121B16496009BFC9B /* cardano-ios-example-swift.app */;
			productType = "com.apple.product-type.application";
		};
/* End PBXNativeTarget section */

/* Begin PBXProject section */
		CAA8D6E921B16496009BFC9B /* Project object */ = {
			isa = PBXProject;
			attributes = {
				LastSwiftUpdateCheck = 1010;
				LastUpgradeCheck = 1010;
				ORGANIZATIONNAME = hellc;
				TargetAttributes = {
					CAA8D6F021B16496009BFC9B = {
						CreatedOnToolsVersion = 10.1;
					};
				};
			};
			buildConfigurationList = CAA8D6EC21B16496009BFC9B /* Build configuration list for PBXProject "cardano-ios-example-swift" */;
			compatibilityVersion = "Xcode 9.3";
			developmentRegion = en;
			hasScannedForEncodings = 0;
			knownRegions = (
				en,
				Base,
			);
			mainGroup = CAA8D6E821B16496009BFC9B;
			productRefGroup = CAA8D6F221B16496009BFC9B /* Products */;
			projectDirPath = "";
			projectRoot = "";
			targets = (
				CAA8D6F021B16496009BFC9B /* cardano-ios-example-swift */,
			);
		};
/* End PBXProject section */

/* Begin PBXResourcesBuildPhase section */
		CAA8D6EF21B16496009BFC9B /* Resources */ = {
			isa = PBXResourcesBuildPhase;
			buildActionMask = 2147483647;
			files = (
				CAA8D6FF21B16497009BFC9B /* LaunchScreen.storyboard in Resources */,
				CAA8D6FC21B16497009BFC9B /* Assets.xcassets in Resources */,
				CAA8D6FA21B16496009BFC9B /* Main.storyboard in Resources */,
			);
			runOnlyForDeploymentPostprocessing = 0;
		};
/* End PBXResourcesBuildPhase section */

/* Begin PBXSourcesBuildPhase section */
		CAA8D6ED21B16496009BFC9B /* Sources */ = {
			isa = PBXSourcesBuildPhase;
			buildActionMask = 2147483647;
			files = (
				CAA8D6F721B16496009BFC9B /* ViewController.swift in Sources */,
				CAA8D6F521B16496009BFC9B /* AppDelegate.swift in Sources */,
			);
			runOnlyForDeploymentPostprocessing = 0;
		};
/* End PBXSourcesBuildPhase section */

/* Begin PBXVariantGroup section */
		CAA8D6F821B16496009BFC9B /* Main.storyboard */ = {
			isa = PBXVariantGroup;
			children = (
				CAA8D6F921B16496009BFC9B /* Base */,
			);
			name = Main.storyboard;
			sourceTree = "<group>";
		};
		CAA8D6FD21B16497009BFC9B /* LaunchScreen.storyboard */ = {
			isa = PBXVariantGroup;
			children = (
				CAA8D6FE21B16497009BFC9B /* Base */,
			);
			name = LaunchScreen.storyboard;
			sourceTree = "<group>";
		};
/* End PBXVariantGroup section */

/* Begin XCBuildConfiguration section */
		CAA8D70121B16497009BFC9B /* Debug */ = {
			isa = XCBuildConfiguration;
			buildSettings = {
				ALWAYS_SEARCH_USER_PATHS = NO;
				CLANG_ANALYZER_NONNULL = YES;
				CLANG_ANALYZER_NUMBER_OBJECT_CONVERSION = YES_AGGRESSIVE;
				CLANG_CXX_LANGUAGE_STANDARD = "gnu++14";
				CLANG_CXX_LIBRARY = "libc++";
				CLANG_ENABLE_MODULES = YES;
				CLANG_ENABLE_OBJC_ARC = YES;
				CLANG_ENABLE_OBJC_WEAK = YES;
				CLANG_WARN_BLOCK_CAPTURE_AUTORELEASING = YES;
				CLANG_WARN_BOOL_CONVERSION = YES;
				CLANG_WARN_COMMA = YES;
				CLANG_WARN_CONSTANT_CONVERSION = YES;
				CLANG_WARN_DEPRECATED_OBJC_IMPLEMENTATIONS = YES;
				CLANG_WARN_DIRECT_OBJC_ISA_USAGE = YES_ERROR;
				CLANG_WARN_DOCUMENTATION_COMMENTS = YES;
				CLANG_WARN_EMPTY_BODY = YES;
				CLANG_WARN_ENUM_CONVERSION = YES;
				CLANG_WARN_INFINITE_RECURSION = YES;
				CLANG_WARN_INT_CONVERSION = YES;
				CLANG_WARN_NON_LITERAL_NULL_CONVERSION = YES;
				CLANG_WARN_OBJC_IMPLICIT_RETAIN_SELF = YES;
				CLANG_WARN_OBJC_LITERAL_CONVERSION = YES;
				CLANG_WARN_OBJC_ROOT_CLASS = YES_ERROR;
				CLANG_WARN_RANGE_LOOP_ANALYSIS = YES;
				CLANG_WARN_STRICT_PROTOTYPES = YES;
				CLANG_WARN_SUSPICIOUS_MOVE = YES;
				CLANG_WARN_UNGUARDED_AVAILABILITY = YES_AGGRESSIVE;
				CLANG_WARN_UNREACHABLE_CODE = YES;
				CLANG_WARN__DUPLICATE_METHOD_MATCH = YES;
				CODE_SIGN_IDENTITY = "iPhone Developer";
				COPY_PHASE_STRIP = NO;
				DEBUG_INFORMATION_FORMAT = dwarf;
				ENABLE_STRICT_OBJC_MSGSEND = YES;
				ENABLE_TESTABILITY = YES;
				GCC_C_LANGUAGE_STANDARD = gnu11;
				GCC_DYNAMIC_NO_PIC = NO;
				GCC_NO_COMMON_BLOCKS = YES;
				GCC_OPTIMIZATION_LEVEL = 0;
				GCC_PREPROCESSOR_DEFINITIONS = (
					"DEBUG=1",
					"$(inherited)",
				);
				GCC_WARN_64_TO_32_BIT_CONVERSION = YES;
				GCC_WARN_ABOUT_RETURN_TYPE = YES_ERROR;
				GCC_WARN_UNDECLARED_SELECTOR = YES;
				GCC_WARN_UNINITIALIZED_AUTOS = YES_AGGRESSIVE;
				GCC_WARN_UNUSED_FUNCTION = YES;
				GCC_WARN_UNUSED_VARIABLE = YES;
				IPHONEOS_DEPLOYMENT_TARGET = 12.1;
				MTL_ENABLE_DEBUG_INFO = INCLUDE_SOURCE;
				MTL_FAST_MATH = YES;
				ONLY_ACTIVE_ARCH = YES;
				SDKROOT = iphoneos;
				SWIFT_ACTIVE_COMPILATION_CONDITIONS = DEBUG;
				SWIFT_OPTIMIZATION_LEVEL = "-Onone";
			};
			name = Debug;
		};
		CAA8D70221B16497009BFC9B /* Release */ = {
			isa = XCBuildConfiguration;
			buildSettings = {
				ALWAYS_SEARCH_USER_PATHS = NO;
				CLANG_ANALYZER_NONNULL = YES;
				CLANG_ANALYZER_NUMBER_OBJECT_CONVERSION = YES_AGGRESSIVE;
				CLANG_CXX_LANGUAGE_STANDARD = "gnu++14";
				CLANG_CXX_LIBRARY = "libc++";
				CLANG_ENABLE_MODULES = YES;
				CLANG_ENABLE_OBJC_ARC = YES;
				CLANG_ENABLE_OBJC_WEAK = YES;
				CLANG_WARN_BLOCK_CAPTURE_AUTORELEASING = YES;
				CLANG_WARN_BOOL_CONVERSION = YES;
				CLANG_WARN_COMMA = YES;
				CLANG_WARN_CONSTANT_CONVERSION = YES;
				CLANG_WARN_DEPRECATED_OBJC_IMPLEMENTATIONS = YES;
				CLANG_WARN_DIRECT_OBJC_ISA_USAGE = YES_ERROR;
				CLANG_WARN_DOCUMENTATION_COMMENTS = YES;
				CLANG_WARN_EMPTY_BODY = YES;
				CLANG_WARN_ENUM_CONVERSION = YES;
				CLANG_WARN_INFINITE_RECURSION = YES;
				CLANG_WARN_INT_CONVERSION = YES;
				CLANG_WARN_NON_LITERAL_NULL_CONVERSION = YES;
				CLANG_WARN_OBJC_IMPLICIT_RETAIN_SELF = YES;
				CLANG_WARN_OBJC_LITERAL_CONVERSION = YES;
				CLANG_WARN_OBJC_ROOT_CLASS = YES_ERROR;
				CLANG_WARN_RANGE_LOOP_ANALYSIS = YES;
				CLANG_WARN_STRICT_PROTOTYPES = YES;
				CLANG_WARN_SUSPICIOUS_MOVE = YES;
				CLANG_WARN_UNGUARDED_AVAILABILITY = YES_AGGRESSIVE;
				CLANG_WARN_UNREACHABLE_CODE = YES;
				CLANG_WARN__DUPLICATE_METHOD_MATCH = YES;
				CODE_SIGN_IDENTITY = "iPhone Developer";
				COPY_PHASE_STRIP = NO;
				DEBUG_INFORMATION_FORMAT = "dwarf-with-dsym";
				ENABLE_NS_ASSERTIONS = NO;
				ENABLE_STRICT_OBJC_MSGSEND = YES;
				GCC_C_LANGUAGE_STANDARD = gnu11;
				GCC_NO_COMMON_BLOCKS = YES;
				GCC_WARN_64_TO_32_BIT_CONVERSION = YES;
				GCC_WARN_ABOUT_RETURN_TYPE = YES_ERROR;
				GCC_WARN_UNDECLARED_SELECTOR = YES;
				GCC_WARN_UNINITIALIZED_AUTOS = YES_AGGRESSIVE;
				GCC_WARN_UNUSED_FUNCTION = YES;
				GCC_WARN_UNUSED_VARIABLE = YES;
				IPHONEOS_DEPLOYMENT_TARGET = 12.1;
				MTL_ENABLE_DEBUG_INFO = NO;
				MTL_FAST_MATH = YES;
				SDKROOT = iphoneos;
				SWIFT_COMPILATION_MODE = wholemodule;
				SWIFT_OPTIMIZATION_LEVEL = "-O";
				VALIDATE_PRODUCT = YES;
			};
			name = Release;
		};
		CAA8D70421B16497009BFC9B /* Debug */ = {
			isa = XCBuildConfiguration;
			buildSettings = {
				ASSETCATALOG_COMPILER_APPICON_NAME = AppIcon;
				CODE_SIGN_STYLE = Automatic;
				INFOPLIST_FILE = "cardano-ios-example-swift/Info.plist";
				IPHONEOS_DEPLOYMENT_TARGET = 9.0;
				LD_RUNPATH_SEARCH_PATHS = (
					"$(inherited)",
					"@executable_path/Frameworks",
				);
				PRODUCT_BUNDLE_IDENTIFIER = "hellc.cardano-ios-example-swift";
				PRODUCT_NAME = "$(TARGET_NAME)";
				SWIFT_OBJC_BRIDGING_HEADER = "cardano-ios-example-swift/cardano-ios-Bridging-Header.h";
				SWIFT_VERSION = 4.2;
				TARGETED_DEVICE_FAMILY = "1,2";
			};
			name = Debug;
		};
		CAA8D70521B16497009BFC9B /* Release */ = {
			isa = XCBuildConfiguration;
			buildSettings = {
				ASSETCATALOG_COMPILER_APPICON_NAME = AppIcon;
				CODE_SIGN_STYLE = Automatic;
				INFOPLIST_FILE = "cardano-ios-example-swift/Info.plist";
				IPHONEOS_DEPLOYMENT_TARGET = 9.0;
				LD_RUNPATH_SEARCH_PATHS = (
					"$(inherited)",
					"@executable_path/Frameworks",
				);
				PRODUCT_BUNDLE_IDENTIFIER = "hellc.cardano-ios-example-swift";
				PRODUCT_NAME = "$(TARGET_NAME)";
				SWIFT_OBJC_BRIDGING_HEADER = "cardano-ios-example-swift/cardano-ios-Bridging-Header.h";
				SWIFT_VERSION = 4.2;
				TARGETED_DEVICE_FAMILY = "1,2";
			};
			name = Release;
		};
/* End XCBuildConfiguration section */

/* Begin XCConfigurationList section */
		CAA8D6EC21B16496009BFC9B /* Build configuration list for PBXProject "cardano-ios-example-swift" */ = {
			isa = XCConfigurationList;
			buildConfigurations = (
				CAA8D70121B16497009BFC9B /* Debug */,
				CAA8D70221B16497009BFC9B /* Release */,
			);
			defaultConfigurationIsVisible = 0;
			defaultConfigurationName = Release;
		};
		CAA8D70321B16497009BFC9B /* Build configuration list for PBXNativeTarget "cardano-ios-example-swift" */ = {
			isa = XCConfigurationList;
			buildConfigurations = (
				CAA8D70421B16497009BFC9B /* Debug */,
				CAA8D70521B16497009BFC9B /* Release */,
			);
			defaultConfigurationIsVisible = 0;
			defaultConfigurationName = Release;
		};
/* End XCConfigurationList section */
	};
	rootObject = CAA8D6E921B16496009BFC9B /* Project object */;
}
